// !$*UTF8*$!
{
	archiveVersion = 1;
	classes = {
	};
	objectVersion = 77;
	objects = {

/* Begin PBXBuildFile section */
		C02BA8842F0EB576008A2A16 /* FirebaseAI in Frameworks */ = {isa = PBXBuildFile; productRef = C02BA8832F0EB576008A2A16 /* FirebaseAI */; };
		C02BA8862F0EB576008A2A16 /* FirebaseAILogic in Frameworks */ = {isa = PBXBuildFile; productRef = C02BA8852F0EB576008A2A16 /* FirebaseAILogic */; };
		C02BA8882F0EB576008A2A16 /* FirebaseAnalytics in Frameworks */ = {isa = PBXBuildFile; productRef = C02BA8872F0EB576008A2A16 /* FirebaseAnalytics */; };
		C02BA88A2F0EB576008A2A16 /* FirebaseAnalyticsCore in Frameworks */ = {isa = PBXBuildFile; productRef = C02BA8892F0EB576008A2A16 /* FirebaseAnalyticsCore */; };
		C02BA88C2F0EB576008A2A16 /* FirebaseAnalyticsIdentitySupport in Frameworks */ = {isa = PBXBuildFile; productRef = C02BA88B2F0EB576008A2A16 /* FirebaseAnalyticsIdentitySupport */; };
		D02DB7882F101CDE00FE6743 /* Cloudinary in Frameworks */ = {isa = PBXBuildFile; productRef = D02DB7872F101CDE00FE6743 /* Cloudinary */; };
		D0F70CAF2F0FE0450030B215 /* FirebaseAppCheck in Frameworks */ = {isa = PBXBuildFile; productRef = D0F70CAE2F0FE0450030B215 /* FirebaseAppCheck */; };
		D0F70CB12F0FE0450030B215 /* FirebaseAppDistribution-Beta in Frameworks */ = {isa = PBXBuildFile; productRef = D0F70CB02F0FE0450030B215 /* FirebaseAppDistribution-Beta */; };
		D0F70CB32F0FE0450030B215 /* FirebaseAuth in Frameworks */ = {isa = PBXBuildFile; productRef = D0F70CB22F0FE0450030B215 /* FirebaseAuth */; };
		D0F70CB52F0FE0450030B215 /* FirebaseAuthCombine-Community in Frameworks */ = {isa = PBXBuildFile; productRef = D0F70CB42F0FE0450030B215 /* FirebaseAuthCombine-Community */; };
		D0F70CB72F0FE0450030B215 /* FirebaseCore in Frameworks */ = {isa = PBXBuildFile; productRef = D0F70CB62F0FE0450030B215 /* FirebaseCore */; };
		D0F70CB92F0FE0450030B215 /* FirebaseCrashlytics in Frameworks */ = {isa = PBXBuildFile; productRef = D0F70CB82F0FE0450030B215 /* FirebaseCrashlytics */; };
		D0F70CBB2F0FE0450030B215 /* FirebaseDatabase in Frameworks */ = {isa = PBXBuildFile; productRef = D0F70CBA2F0FE0450030B215 /* FirebaseDatabase */; };
		D0F70CBD2F0FE0450030B215 /* FirebaseFirestore in Frameworks */ = {isa = PBXBuildFile; productRef = D0F70CBC2F0FE0450030B215 /* FirebaseFirestore */; };
		D0F70CBF2F0FE0450030B215 /* FirebaseFirestoreCombine-Community in Frameworks */ = {isa = PBXBuildFile; productRef = D0F70CBE2F0FE0450030B215 /* FirebaseFirestoreCombine-Community */; };
		D0F70CC12F0FE0450030B215 /* FirebaseFunctions in Frameworks */ = {isa = PBXBuildFile; productRef = D0F70CC02F0FE0450030B215 /* FirebaseFunctions */; };
		D0F70CC32F0FE0450030B215 /* FirebaseFunctionsCombine-Community in Frameworks */ = {isa = PBXBuildFile; productRef = D0F70CC22F0FE0450030B215 /* FirebaseFunctionsCombine-Community */; };
		D0F70CC52F0FE0450030B215 /* FirebaseInAppMessaging-Beta in Frameworks */ = {isa = PBXBuildFile; productRef = D0F70CC42F0FE0450030B215 /* FirebaseInAppMessaging-Beta */; };
		D0F70CC72F0FE0450030B215 /* FirebaseInstallations in Frameworks */ = {isa = PBXBuildFile; productRef = D0F70CC62F0FE0450030B215 /* FirebaseInstallations */; };
		D0F70CC92F0FE0450030B215 /* FirebaseMLModelDownloader in Frameworks */ = {isa = PBXBuildFile; productRef = D0F70CC82F0FE0450030B215 /* FirebaseMLModelDownloader */; };
		D0F70CCB2F0FE0450030B215 /* FirebaseMessaging in Frameworks */ = {isa = PBXBuildFile; productRef = D0F70CCA2F0FE0450030B215 /* FirebaseMessaging */; };
		D0F70CCD2F0FE0450030B215 /* FirebasePerformance in Frameworks */ = {isa = PBXBuildFile; productRef = D0F70CCC2F0FE0450030B215 /* FirebasePerformance */; };
		D0F70CCF2F0FE0450030B215 /* FirebaseRemoteConfig in Frameworks */ = {isa = PBXBuildFile; productRef = D0F70CCE2F0FE0450030B215 /* FirebaseRemoteConfig */; };
		D0F70CD12F0FE0450030B215 /* FirebaseStorage in Frameworks */ = {isa = PBXBuildFile; productRef = D0F70CD02F0FE0450030B215 /* FirebaseStorage */; };
		D0F70CD32F0FE0450030B215 /* FirebaseStorageCombine-Community in Frameworks */ = {isa = PBXBuildFile; productRef = D0F70CD22F0FE0450030B215 /* FirebaseStorageCombine-Community */; };
/* End PBXBuildFile section */

/* Begin PBXFileReference section */
		D50B1BF52F0D441E000E6B5C /* AppPlateFul-New.app */ = {isa = PBXFileReference; explicitFileType = wrapper.application; includeInIndex = 0; path = "AppPlateFul-New.app"; sourceTree = BUILT_PRODUCTS_DIR; };
/* End PBXFileReference section */

/* Begin PBXFileSystemSynchronizedBuildFileExceptionSet section */
		D50B1C072F0D4420000E6B5C /* Exceptions for "AppPlateFul-New" folder in "AppPlateFul-New" target */ = {
			isa = PBXFileSystemSynchronizedBuildFileExceptionSet;
			membershipExceptions = (
				Info.plist,
			);
			target = D50B1BF42F0D441E000E6B5C /* AppPlateFul-New */;
		};
/* End PBXFileSystemSynchronizedBuildFileExceptionSet section */

/* Begin PBXFileSystemSynchronizedRootGroup section */
		D50B1BF72F0D441E000E6B5C /* AppPlateFul-New */ = {
			isa = PBXFileSystemSynchronizedRootGroup;
			exceptions = (
				D50B1C072F0D4420000E6B5C /* Exceptions for "AppPlateFul-New" folder in "AppPlateFul-New" target */,
			);
			path = "AppPlateFul-New";
			sourceTree = "<group>";
		};
/* End PBXFileSystemSynchronizedRootGroup section */

/* Begin PBXFrameworksBuildPhase section */
		D50B1BF22F0D441E000E6B5C /* Frameworks */ = {
			isa = PBXFrameworksBuildPhase;
			buildActionMask = 2147483647;
			files = (
				D0F70CB12F0FE0450030B215 /* FirebaseAppDistribution-Beta in Frameworks */,
				D0F70CBD2F0FE0450030B215 /* FirebaseFirestore in Frameworks */,
				D0F70CB52F0FE0450030B215 /* FirebaseAuthCombine-Community in Frameworks */,
				D0F70CC72F0FE0450030B215 /* FirebaseInstallations in Frameworks */,
				C02BA8862F0EB576008A2A16 /* FirebaseAILogic in Frameworks */,
				C02BA88C2F0EB576008A2A16 /* FirebaseAnalyticsIdentitySupport in Frameworks */,
				D0F70CC52F0FE0450030B215 /* FirebaseInAppMessaging-Beta in Frameworks */,
				C02BA8842F0EB576008A2A16 /* FirebaseAI in Frameworks */,
				D0F70CB92F0FE0450030B215 /* FirebaseCrashlytics in Frameworks */,
				D0F70CC32F0FE0450030B215 /* FirebaseFunctionsCombine-Community in Frameworks */,
				D0F70CD32F0FE0450030B215 /* FirebaseStorageCombine-Community in Frameworks */,
				D0F70CBB2F0FE0450030B215 /* FirebaseDatabase in Frameworks */,
				D0F70CD12F0FE0450030B215 /* FirebaseStorage in Frameworks */,
				D0F70CCF2F0FE0450030B215 /* FirebaseRemoteConfig in Frameworks */,
				C02BA8882F0EB576008A2A16 /* FirebaseAnalytics in Frameworks */,
				D0F70CCB2F0FE0450030B215 /* FirebaseMessaging in Frameworks */,
				D0F70CC92F0FE0450030B215 /* FirebaseMLModelDownloader in Frameworks */,
				D0F70CCD2F0FE0450030B215 /* FirebasePerformance in Frameworks */,
				D0F70CB72F0FE0450030B215 /* FirebaseCore in Frameworks */,
				D0F70CAF2F0FE0450030B215 /* FirebaseAppCheck in Frameworks */,
				C02BA88A2F0EB576008A2A16 /* FirebaseAnalyticsCore in Frameworks */,
				D0F70CC12F0FE0450030B215 /* FirebaseFunctions in Frameworks */,
				D02DB7882F101CDE00FE6743 /* Cloudinary in Frameworks */,
				D0F70CB32F0FE0450030B215 /* FirebaseAuth in Frameworks */,
				D0F70CBF2F0FE0450030B215 /* FirebaseFirestoreCombine-Community in Frameworks */,
			);
			runOnlyForDeploymentPostprocessing = 0;
		};
/* End PBXFrameworksBuildPhase section */

/* Begin PBXGroup section */
		D50B1BEC2F0D441E000E6B5C = {
			isa = PBXGroup;
			children = (
				D50B1BF72F0D441E000E6B5C /* AppPlateFul-New */,
				D50B1BF62F0D441E000E6B5C /* Products */,
			);
			sourceTree = "<group>";
		};
		D50B1BF62F0D441E000E6B5C /* Products */ = {
			isa = PBXGroup;
			children = (
				D50B1BF52F0D441E000E6B5C /* AppPlateFul-New.app */,
			);
			name = Products;
			sourceTree = "<group>";
		};
/* End PBXGroup section */

/* Begin PBXNativeTarget section */
		D50B1BF42F0D441E000E6B5C /* AppPlateFul-New */ = {
			isa = PBXNativeTarget;
			buildConfigurationList = D50B1C082F0D4420000E6B5C /* Build configuration list for PBXNativeTarget "AppPlateFul-New" */;
			buildPhases = (
				D50B1BF12F0D441E000E6B5C /* Sources */,
				D50B1BF22F0D441E000E6B5C /* Frameworks */,
				D50B1BF32F0D441E000E6B5C /* Resources */,
			);
			buildRules = (
			);
			dependencies = (
			);
			fileSystemSynchronizedGroups = (
				D50B1BF72F0D441E000E6B5C /* AppPlateFul-New */,
			);
			name = "AppPlateFul-New";
			packageProductDependencies = (
				C02BA8832F0EB576008A2A16 /* FirebaseAI */,
				C02BA8852F0EB576008A2A16 /* FirebaseAILogic */,
				C02BA8872F0EB576008A2A16 /* FirebaseAnalytics */,
				C02BA8892F0EB576008A2A16 /* FirebaseAnalyticsCore */,
				C02BA88B2F0EB576008A2A16 /* FirebaseAnalyticsIdentitySupport */,
				D0F70CAE2F0FE0450030B215 /* FirebaseAppCheck */,
				D0F70CB02F0FE0450030B215 /* FirebaseAppDistribution-Beta */,
				D0F70CB22F0FE0450030B215 /* FirebaseAuth */,
				D0F70CB42F0FE0450030B215 /* FirebaseAuthCombine-Community */,
				D0F70CB62F0FE0450030B215 /* FirebaseCore */,
				D0F70CB82F0FE0450030B215 /* FirebaseCrashlytics */,
				D0F70CBA2F0FE0450030B215 /* FirebaseDatabase */,
				D0F70CBC2F0FE0450030B215 /* FirebaseFirestore */,
				D0F70CBE2F0FE0450030B215 /* FirebaseFirestoreCombine-Community */,
				D0F70CC02F0FE0450030B215 /* FirebaseFunctions */,
				D0F70CC22F0FE0450030B215 /* FirebaseFunctionsCombine-Community */,
				D0F70CC42F0FE0450030B215 /* FirebaseInAppMessaging-Beta */,
				D0F70CC62F0FE0450030B215 /* FirebaseInstallations */,
				D0F70CC82F0FE0450030B215 /* FirebaseMLModelDownloader */,
				D0F70CCA2F0FE0450030B215 /* FirebaseMessaging */,
				D0F70CCC2F0FE0450030B215 /* FirebasePerformance */,
				D0F70CCE2F0FE0450030B215 /* FirebaseRemoteConfig */,
				D0F70CD02F0FE0450030B215 /* FirebaseStorage */,
				D0F70CD22F0FE0450030B215 /* FirebaseStorageCombine-Community */,
				D02DB7872F101CDE00FE6743 /* Cloudinary */,
			);
			productName = "AppPlateFul-New";
			productReference = D50B1BF52F0D441E000E6B5C /* AppPlateFul-New.app */;
			productType = "com.apple.product-type.application";
		};
/* End PBXNativeTarget section */

/* Begin PBXProject section */
		D50B1BED2F0D441E000E6B5C /* Project object */ = {
			isa = PBXProject;
			attributes = {
				BuildIndependentTargetsInParallel = 1;
				LastSwiftUpdateCheck = 2620;
				LastUpgradeCheck = 2620;
				TargetAttributes = {
					D50B1BF42F0D441E000E6B5C = {
						CreatedOnToolsVersion = 26.2;
					};
				};
			};
			buildConfigurationList = D50B1BF02F0D441E000E6B5C /* Build configuration list for PBXProject "AppPlateFul-New" */;
			developmentRegion = en;
			hasScannedForEncodings = 0;
			knownRegions = (
				en,
				Base,
			);
			mainGroup = D50B1BEC2F0D441E000E6B5C;
			minimizedProjectReferenceProxies = 1;
			packageReferences = (
				C02BA8822F0EB576008A2A16 /* XCRemoteSwiftPackageReference "firebase-ios-sdk" */,
				D02DB7862F101CDE00FE6743 /* XCRemoteSwiftPackageReference "cloudinary_ios" */,
			);
			preferredProjectObjectVersion = 77;
			productRefGroup = D50B1BF62F0D441E000E6B5C /* Products */;
			projectDirPath = "";
			projectRoot = "";
			targets = (
				D50B1BF42F0D441E000E6B5C /* AppPlateFul-New */,
			);
		};
/* End PBXProject section */

/* Begin PBXResourcesBuildPhase section */
		D50B1BF32F0D441E000E6B5C /* Resources */ = {
			isa = PBXResourcesBuildPhase;
			buildActionMask = 2147483647;
			files = (
			);
			runOnlyForDeploymentPostprocessing = 0;
		};
/* End PBXResourcesBuildPhase section */

/* Begin PBXSourcesBuildPhase section */
		D50B1BF12F0D441E000E6B5C /* Sources */ = {
			isa = PBXSourcesBuildPhase;
			buildActionMask = 2147483647;
			files = (
			);
			runOnlyForDeploymentPostprocessing = 0;
		};
/* End PBXSourcesBuildPhase section */

/* Begin XCBuildConfiguration section */
		D50B1C092F0D4420000E6B5C /* Debug */ = {
			isa = XCBuildConfiguration;
			buildSettings = {
				ASSETCATALOG_COMPILER_APPICON_NAME = AppIcon;
				ASSETCATALOG_COMPILER_GLOBAL_ACCENT_COLOR_NAME = AccentColor;
				CODE_SIGN_STYLE = Automatic;
				CURRENT_PROJECT_VERSION = 1;
				DEVELOPMENT_TEAM = B2BXHD5WQJ;
				GENERATE_INFOPLIST_FILE = YES;
				INFOPLIST_FILE = "AppPlateFul-New/Info.plist";
				INFOPLIST_KEY_UIApplicationSupportsIndirectInputEvents = YES;
				INFOPLIST_KEY_UILaunchStoryboardName = LaunchScreen;
				INFOPLIST_KEY_UIMainStoryboardFile = Main;
				INFOPLIST_KEY_UISupportedInterfaceOrientations_iPad = "UIInterfaceOrientationPortrait UIInterfaceOrientationPortraitUpsideDown UIInterfaceOrientationLandscapeLeft UIInterfaceOrientationLandscapeRight";
				INFOPLIST_KEY_UISupportedInterfaceOrientations_iPhone = "UIInterfaceOrientationPortrait UIInterfaceOrientationLandscapeLeft UIInterfaceOrientationLandscapeRight";
				IPHONEOS_DEPLOYMENT_TARGET = 18.0;
				LD_RUNPATH_SEARCH_PATHS = (
					"$(inherited)",
					"@executable_path/Frameworks",
				);
				MARKETING_VERSION = 1.0;
				PRODUCT_BUNDLE_IDENTIFIER = "com.hassan.AppPlateFul-New";
				PRODUCT_NAME = "$(TARGET_NAME)";
				STRING_CATALOG_GENERATE_SYMBOLS = YES;
				SWIFT_APPROACHABLE_CONCURRENCY = YES;
				SWIFT_DEFAULT_ACTOR_ISOLATION = MainActor;
				SWIFT_EMIT_LOC_STRINGS = YES;
				SWIFT_UPCOMING_FEATURE_MEMBER_IMPORT_VISIBILITY = YES;
				SWIFT_VERSION = 5.0;
				TARGETED_DEVICE_FAMILY = "1,2";
			};
			name = Debug;
		};
		D50B1C0A2F0D4420000E6B5C /* Release */ = {
			isa = XCBuildConfiguration;
			buildSettings = {
				ASSETCATALOG_COMPILER_APPICON_NAME = AppIcon;
				ASSETCATALOG_COMPILER_GLOBAL_ACCENT_COLOR_NAME = AccentColor;
				CODE_SIGN_STYLE = Automatic;
				CURRENT_PROJECT_VERSION = 1;
				DEVELOPMENT_TEAM = B2BXHD5WQJ;
				GENERATE_INFOPLIST_FILE = YES;
				INFOPLIST_FILE = "AppPlateFul-New/Info.plist";
				INFOPLIST_KEY_UIApplicationSupportsIndirectInputEvents = YES;
				INFOPLIST_KEY_UILaunchStoryboardName = LaunchScreen;
				INFOPLIST_KEY_UIMainStoryboardFile = Main;
				INFOPLIST_KEY_UISupportedInterfaceOrientations_iPad = "UIInterfaceOrientationPortrait UIInterfaceOrientationPortraitUpsideDown UIInterfaceOrientationLandscapeLeft UIInterfaceOrientationLandscapeRight";
				INFOPLIST_KEY_UISupportedInterfaceOrientations_iPhone = "UIInterfaceOrientationPortrait UIInterfaceOrientationLandscapeLeft UIInterfaceOrientationLandscapeRight";
				IPHONEOS_DEPLOYMENT_TARGET = 18.0;
				LD_RUNPATH_SEARCH_PATHS = (
					"$(inherited)",
					"@executable_path/Frameworks",
				);
				MARKETING_VERSION = 1.0;
				PRODUCT_BUNDLE_IDENTIFIER = "com.hassan.AppPlateFul-New";
				PRODUCT_NAME = "$(TARGET_NAME)";
				STRING_CATALOG_GENERATE_SYMBOLS = YES;
				SWIFT_APPROACHABLE_CONCURRENCY = YES;
				SWIFT_DEFAULT_ACTOR_ISOLATION = MainActor;
				SWIFT_EMIT_LOC_STRINGS = YES;
				SWIFT_UPCOMING_FEATURE_MEMBER_IMPORT_VISIBILITY = YES;
				SWIFT_VERSION = 5.0;
				TARGETED_DEVICE_FAMILY = "1,2";
			};
			name = Release;
		};
		D50B1C0B2F0D4420000E6B5C /* Debug */ = {
			isa = XCBuildConfiguration;
			buildSettings = {
				ALWAYS_SEARCH_USER_PATHS = NO;
				ASSETCATALOG_COMPILER_GENERATE_SWIFT_ASSET_SYMBOL_EXTENSIONS = YES;
				CLANG_ANALYZER_NONNULL = YES;
				CLANG_ANALYZER_NUMBER_OBJECT_CONVERSION = YES_AGGRESSIVE;
				CLANG_CXX_LANGUAGE_STANDARD = "gnu++20";
				CLANG_ENABLE_MODULES = YES;
				CLANG_ENABLE_OBJC_ARC = YES;
				CLANG_ENABLE_OBJC_WEAK = YES;
				CLANG_WARN_BLOCK_CAPTURE_AUTORELEASING = YES;
				CLANG_WARN_BOOL_CONVERSION = YES;
				CLANG_WARN_COMMA = YES;
				CLANG_WARN_CONSTANT_CONVERSION = YES;
				CLANG_WARN_DEPRECATED_OBJC_IMPLEMENTATIONS = YES;
				CLANG_WARN_DIRECT_OBJC_ISA_USAGE = YES_ERROR;
				CLANG_WARN_DOCUMENTATION_COMMENTS = YES;
				CLANG_WARN_EMPTY_BODY = YES;
				CLANG_WARN_ENUM_CONVERSION = YES;
				CLANG_WARN_INFINITE_RECURSION = YES;
				CLANG_WARN_INT_CONVERSION = YES;
				CLANG_WARN_NON_LITERAL_NULL_CONVERSION = YES;
				CLANG_WARN_OBJC_IMPLICIT_RETAIN_SELF = YES;
				CLANG_WARN_OBJC_LITERAL_CONVERSION = YES;
				CLANG_WARN_OBJC_ROOT_CLASS = YES_ERROR;
				CLANG_WARN_QUOTED_INCLUDE_IN_FRAMEWORK_HEADER = YES;
				CLANG_WARN_RANGE_LOOP_ANALYSIS = YES;
				CLANG_WARN_STRICT_PROTOTYPES = YES;
				CLANG_WARN_SUSPICIOUS_MOVE = YES;
				CLANG_WARN_UNGUARDED_AVAILABILITY = YES_AGGRESSIVE;
				CLANG_WARN_UNREACHABLE_CODE = YES;
				CLANG_WARN__DUPLICATE_METHOD_MATCH = YES;
				COPY_PHASE_STRIP = NO;
				DEBUG_INFORMATION_FORMAT = dwarf;
				ENABLE_STRICT_OBJC_MSGSEND = YES;
				ENABLE_TESTABILITY = YES;
				ENABLE_USER_SCRIPT_SANDBOXING = YES;
				GCC_C_LANGUAGE_STANDARD = gnu17;
				GCC_DYNAMIC_NO_PIC = NO;
				GCC_NO_COMMON_BLOCKS = YES;
				GCC_OPTIMIZATION_LEVEL = 0;
				GCC_PREPROCESSOR_DEFINITIONS = (
					"DEBUG=1",
					"$(inherited)",
				);
				GCC_WARN_64_TO_32_BIT_CONVERSION = YES;
				GCC_WARN_ABOUT_RETURN_TYPE = YES_ERROR;
				GCC_WARN_UNDECLARED_SELECTOR = YES;
				GCC_WARN_UNINITIALIZED_AUTOS = YES_AGGRESSIVE;
				GCC_WARN_UNUSED_FUNCTION = YES;
				GCC_WARN_UNUSED_VARIABLE = YES;
				IPHONEOS_DEPLOYMENT_TARGET = 26.2;
				LOCALIZATION_PREFERS_STRING_CATALOGS = YES;
				MTL_ENABLE_DEBUG_INFO = INCLUDE_SOURCE;
				MTL_FAST_MATH = YES;
				ONLY_ACTIVE_ARCH = YES;
				SDKROOT = iphoneos;
				SWIFT_ACTIVE_COMPILATION_CONDITIONS = "DEBUG $(inherited)";
				SWIFT_OPTIMIZATION_LEVEL = "-Onone";
			};
			name = Debug;
		};
		D50B1C0C2F0D4420000E6B5C /* Release */ = {
			isa = XCBuildConfiguration;
			buildSettings = {
				ALWAYS_SEARCH_USER_PATHS = NO;
				ASSETCATALOG_COMPILER_GENERATE_SWIFT_ASSET_SYMBOL_EXTENSIONS = YES;
				CLANG_ANALYZER_NONNULL = YES;
				CLANG_ANALYZER_NUMBER_OBJECT_CONVERSION = YES_AGGRESSIVE;
				CLANG_CXX_LANGUAGE_STANDARD = "gnu++20";
				CLANG_ENABLE_MODULES = YES;
				CLANG_ENABLE_OBJC_ARC = YES;
				CLANG_ENABLE_OBJC_WEAK = YES;
				CLANG_WARN_BLOCK_CAPTURE_AUTORELEASING = YES;
				CLANG_WARN_BOOL_CONVERSION = YES;
				CLANG_WARN_COMMA = YES;
				CLANG_WARN_CONSTANT_CONVERSION = YES;
				CLANG_WARN_DEPRECATED_OBJC_IMPLEMENTATIONS = YES;
				CLANG_WARN_DIRECT_OBJC_ISA_USAGE = YES_ERROR;
				CLANG_WARN_DOCUMENTATION_COMMENTS = YES;
				CLANG_WARN_EMPTY_BODY = YES;
				CLANG_WARN_ENUM_CONVERSION = YES;
				CLANG_WARN_INFINITE_RECURSION = YES;
				CLANG_WARN_INT_CONVERSION = YES;
				CLANG_WARN_NON_LITERAL_NULL_CONVERSION = YES;
				CLANG_WARN_OBJC_IMPLICIT_RETAIN_SELF = YES;
				CLANG_WARN_OBJC_LITERAL_CONVERSION = YES;
				CLANG_WARN_OBJC_ROOT_CLASS = YES_ERROR;
				CLANG_WARN_QUOTED_INCLUDE_IN_FRAMEWORK_HEADER = YES;
				CLANG_WARN_RANGE_LOOP_ANALYSIS = YES;
				CLANG_WARN_STRICT_PROTOTYPES = YES;
				CLANG_WARN_SUSPICIOUS_MOVE = YES;
				CLANG_WARN_UNGUARDED_AVAILABILITY = YES_AGGRESSIVE;
				CLANG_WARN_UNREACHABLE_CODE = YES;
				CLANG_WARN__DUPLICATE_METHOD_MATCH = YES;
				COPY_PHASE_STRIP = NO;
				DEBUG_INFORMATION_FORMAT = "dwarf-with-dsym";
				ENABLE_NS_ASSERTIONS = NO;
				ENABLE_STRICT_OBJC_MSGSEND = YES;
				ENABLE_USER_SCRIPT_SANDBOXING = YES;
				GCC_C_LANGUAGE_STANDARD = gnu17;
				GCC_NO_COMMON_BLOCKS = YES;
				GCC_WARN_64_TO_32_BIT_CONVERSION = YES;
				GCC_WARN_ABOUT_RETURN_TYPE = YES_ERROR;
				GCC_WARN_UNDECLARED_SELECTOR = YES;
				GCC_WARN_UNINITIALIZED_AUTOS = YES_AGGRESSIVE;
				GCC_WARN_UNUSED_FUNCTION = YES;
				GCC_WARN_UNUSED_VARIABLE = YES;
				IPHONEOS_DEPLOYMENT_TARGET = 26.2;
				LOCALIZATION_PREFERS_STRING_CATALOGS = YES;
				MTL_ENABLE_DEBUG_INFO = NO;
				MTL_FAST_MATH = YES;
				SDKROOT = iphoneos;
				SWIFT_COMPILATION_MODE = wholemodule;
				VALIDATE_PRODUCT = YES;
			};
			name = Release;
		};
/* End XCBuildConfiguration section */

/* Begin XCConfigurationList section */
		D50B1BF02F0D441E000E6B5C /* Build configuration list for PBXProject "AppPlateFul-New" */ = {
			isa = XCConfigurationList;
			buildConfigurations = (
				D50B1C0B2F0D4420000E6B5C /* Debug */,
				D50B1C0C2F0D4420000E6B5C /* Release */,
			);
			defaultConfigurationIsVisible = 0;
			defaultConfigurationName = Release;
		};
		D50B1C082F0D4420000E6B5C /* Build configuration list for PBXNativeTarget "AppPlateFul-New" */ = {
			isa = XCConfigurationList;
			buildConfigurations = (
				D50B1C092F0D4420000E6B5C /* Debug */,
				D50B1C0A2F0D4420000E6B5C /* Release */,
			);
			defaultConfigurationIsVisible = 0;
			defaultConfigurationName = Release;
		};
/* End XCConfigurationList section */

/* Begin XCRemoteSwiftPackageReference section */
		C02BA8822F0EB576008A2A16 /* XCRemoteSwiftPackageReference "firebase-ios-sdk" */ = {
			isa = XCRemoteSwiftPackageReference;
			repositoryURL = "https://github.com/firebase/firebase-ios-sdk";
			requirement = {
				kind = upToNextMajorVersion;
				minimumVersion = 12.7.0;
			};
		};
		D02DB7862F101CDE00FE6743 /* XCRemoteSwiftPackageReference "cloudinary_ios" */ = {
			isa = XCRemoteSwiftPackageReference;
			repositoryURL = "https://github.com/cloudinary/cloudinary_ios";
			requirement = {
				kind = upToNextMajorVersion;
				minimumVersion = 5.2.5;
			};
		};
/* End XCRemoteSwiftPackageReference section */

/* Begin XCSwiftPackageProductDependency section */
		C02BA8832F0EB576008A2A16 /* FirebaseAI */ = {
			isa = XCSwiftPackageProductDependency;
			package = C02BA8822F0EB576008A2A16 /* XCRemoteSwiftPackageReference "firebase-ios-sdk" */;
			productName = FirebaseAI;
		};
		C02BA8852F0EB576008A2A16 /* FirebaseAILogic */ = {
			isa = XCSwiftPackageProductDependency;
			package = C02BA8822F0EB576008A2A16 /* XCRemoteSwiftPackageReference "firebase-ios-sdk" */;
			productName = FirebaseAILogic;
		};
		C02BA8872F0EB576008A2A16 /* FirebaseAnalytics */ = {
			isa = XCSwiftPackageProductDependency;
			package = C02BA8822F0EB576008A2A16 /* XCRemoteSwiftPackageReference "firebase-ios-sdk" */;
			productName = FirebaseAnalytics;
		};
		C02BA8892F0EB576008A2A16 /* FirebaseAnalyticsCore */ = {
			isa = XCSwiftPackageProductDependency;
			package = C02BA8822F0EB576008A2A16 /* XCRemoteSwiftPackageReference "firebase-ios-sdk" */;
			productName = FirebaseAnalyticsCore;
		};
		C02BA88B2F0EB576008A2A16 /* FirebaseAnalyticsIdentitySupport */ = {
			isa = XCSwiftPackageProductDependency;
			package = C02BA8822F0EB576008A2A16 /* XCRemoteSwiftPackageReference "firebase-ios-sdk" */;
			productName = FirebaseAnalyticsIdentitySupport;
		};
		D02DB7872F101CDE00FE6743 /* Cloudinary */ = {
			isa = XCSwiftPackageProductDependency;
			package = D02DB7862F101CDE00FE6743 /* XCRemoteSwiftPackageReference "cloudinary_ios" */;
			productName = Cloudinary;
		};
		D0F70CAE2F0FE0450030B215 /* FirebaseAppCheck */ = {
			isa = XCSwiftPackageProductDependency;
			package = C02BA8822F0EB576008A2A16 /* XCRemoteSwiftPackageReference "firebase-ios-sdk" */;
			productName = FirebaseAppCheck;
		};
		D0F70CB02F0FE0450030B215 /* FirebaseAppDistribution-Beta */ = {
			isa = XCSwiftPackageProductDependency;
			package = C02BA8822F0EB576008A2A16 /* XCRemoteSwiftPackageReference "firebase-ios-sdk" */;
			productName = "FirebaseAppDistribution-Beta";
		};
		D0F70CB22F0FE0450030B215 /* FirebaseAuth */ = {
			isa = XCSwiftPackageProductDependency;
			package = C02BA8822F0EB576008A2A16 /* XCRemoteSwiftPackageReference "firebase-ios-sdk" */;
			productName = FirebaseAuth;
		};
		D0F70CB42F0FE0450030B215 /* FirebaseAuthCombine-Community */ = {
			isa = XCSwiftPackageProductDependency;
			package = C02BA8822F0EB576008A2A16 /* XCRemoteSwiftPackageReference "firebase-ios-sdk" */;
			productName = "FirebaseAuthCombine-Community";
		};
		D0F70CB62F0FE0450030B215 /* FirebaseCore */ = {
			isa = XCSwiftPackageProductDependency;
			package = C02BA8822F0EB576008A2A16 /* XCRemoteSwiftPackageReference "firebase-ios-sdk" */;
			productName = FirebaseCore;
		};
		D0F70CB82F0FE0450030B215 /* FirebaseCrashlytics */ = {
			isa = XCSwiftPackageProductDependency;
			package = C02BA8822F0EB576008A2A16 /* XCRemoteSwiftPackageReference "firebase-ios-sdk" */;
			productName = FirebaseCrashlytics;
		};
		D0F70CBA2F0FE0450030B215 /* FirebaseDatabase */ = {
			isa = XCSwiftPackageProductDependency;
			package = C02BA8822F0EB576008A2A16 /* XCRemoteSwiftPackageReference "firebase-ios-sdk" */;
			productName = FirebaseDatabase;
		};
		D0F70CBC2F0FE0450030B215 /* FirebaseFirestore */ = {
			isa = XCSwiftPackageProductDependency;
			package = C02BA8822F0EB576008A2A16 /* XCRemoteSwiftPackageReference "firebase-ios-sdk" */;
			productName = FirebaseFirestore;
		};
		D0F70CBE2F0FE0450030B215 /* FirebaseFirestoreCombine-Community */ = {
			isa = XCSwiftPackageProductDependency;
			package = C02BA8822F0EB576008A2A16 /* XCRemoteSwiftPackageReference "firebase-ios-sdk" */;
			productName = "FirebaseFirestoreCombine-Community";
		};
		D0F70CC02F0FE0450030B215 /* FirebaseFunctions */ = {
			isa = XCSwiftPackageProductDependency;
			package = C02BA8822F0EB576008A2A16 /* XCRemoteSwiftPackageReference "firebase-ios-sdk" */;
			productName = FirebaseFunctions;
		};
		D0F70CC22F0FE0450030B215 /* FirebaseFunctionsCombine-Community */ = {
			isa = XCSwiftPackageProductDependency;
			package = C02BA8822F0EB576008A2A16 /* XCRemoteSwiftPackageReference "firebase-ios-sdk" */;
			productName = "FirebaseFunctionsCombine-Community";
		};
		D0F70CC42F0FE0450030B215 /* FirebaseInAppMessaging-Beta */ = {
			isa = XCSwiftPackageProductDependency;
			package = C02BA8822F0EB576008A2A16 /* XCRemoteSwiftPackageReference "firebase-ios-sdk" */;
			productName = "FirebaseInAppMessaging-Beta";
		};
		D0F70CC62F0FE0450030B215 /* FirebaseInstallations */ = {
			isa = XCSwiftPackageProductDependency;
			package = C02BA8822F0EB576008A2A16 /* XCRemoteSwiftPackageReference "firebase-ios-sdk" */;
			productName = FirebaseInstallations;
		};
		D0F70CC82F0FE0450030B215 /* FirebaseMLModelDownloader */ = {
			isa = XCSwiftPackageProductDependency;
			package = C02BA8822F0EB576008A2A16 /* XCRemoteSwiftPackageReference "firebase-ios-sdk" */;
			productName = FirebaseMLModelDownloader;
		};
		D0F70CCA2F0FE0450030B215 /* FirebaseMessaging */ = {
			isa = XCSwiftPackageProductDependency;
			package = C02BA8822F0EB576008A2A16 /* XCRemoteSwiftPackageReference "firebase-ios-sdk" */;
			productName = FirebaseMessaging;
		};
		D0F70CCC2F0FE0450030B215 /* FirebasePerformance */ = {
			isa = XCSwiftPackageProductDependency;
			package = C02BA8822F0EB576008A2A16 /* XCRemoteSwiftPackageReference "firebase-ios-sdk" */;
			productName = FirebasePerformance;
		};
		D0F70CCE2F0FE0450030B215 /* FirebaseRemoteConfig */ = {
			isa = XCSwiftPackageProductDependency;
			package = C02BA8822F0EB576008A2A16 /* XCRemoteSwiftPackageReference "firebase-ios-sdk" */;
			productName = FirebaseRemoteConfig;
		};
		D0F70CD02F0FE0450030B215 /* FirebaseStorage */ = {
			isa = XCSwiftPackageProductDependency;
			package = C02BA8822F0EB576008A2A16 /* XCRemoteSwiftPackageReference "firebase-ios-sdk" */;
			productName = FirebaseStorage;
		};
		D0F70CD22F0FE0450030B215 /* FirebaseStorageCombine-Community */ = {
			isa = XCSwiftPackageProductDependency;
			package = C02BA8822F0EB576008A2A16 /* XCRemoteSwiftPackageReference "firebase-ios-sdk" */;
			productName = "FirebaseStorageCombine-Community";
		};
/* End XCSwiftPackageProductDependency section */
	};
	rootObject = D50B1BED2F0D441E000E6B5C /* Project object */;
}
